// !$*UTF8*$!
{
	archiveVersion = 1;
	classes = {
	};
	objectVersion = 46;
	objects = {

/* Begin PBXBuildFile section */
		2F5F9CB91F47E14700B40A4C /* ViewController.swift in Sources */ = {isa = PBXBuildFile; fileRef = 2F5F9CB81F47E14700B40A4C /* ViewController.swift */; };
		2F5F9CBC1F47E14700B40A4C /* Main.storyboard in Resources */ = {isa = PBXBuildFile; fileRef = 2F5F9CBA1F47E14700B40A4C /* Main.storyboard */; };
		2F5F9CBE1F47E14800B40A4C /* Assets.xcassets in Resources */ = {isa = PBXBuildFile; fileRef = 2F5F9CBD1F47E14800B40A4C /* Assets.xcassets */; };
		2F5F9CC11F47E14800B40A4C /* LaunchScreen.storyboard in Resources */ = {isa = PBXBuildFile; fileRef = 2F5F9CBF1F47E14800B40A4C /* LaunchScreen.storyboard */; };
		2F5F9CCC1F47E14800B40A4C /* ChineseZadicTests.swift in Sources */ = {isa = PBXBuildFile; fileRef = 2F5F9CCB1F47E14800B40A4C /* ChineseZadicTests.swift */; };
		2F5F9CD71F47E14800B40A4C /* ChineseZadicUITests.swift in Sources */ = {isa = PBXBuildFile; fileRef = 2F5F9CD61F47E14800B40A4C /* ChineseZadicUITests.swift */; };
		2F5F9CE91F48129A00B40A4C /* AppDelegate.swift in Sources */ = {isa = PBXBuildFile; fileRef = 2F5F9CB61F47E14700B40A4C /* AppDelegate.swift */; };
/* End PBXBuildFile section */

/* Begin PBXContainerItemProxy section */
		2F5F9CC81F47E14800B40A4C /* PBXContainerItemProxy */ = {
			isa = PBXContainerItemProxy;
			containerPortal = 2F5F9CAB1F47E14700B40A4C /* Project object */;
			proxyType = 1;
			remoteGlobalIDString = 2F5F9CB21F47E14700B40A4C;
			remoteInfo = ChineseZadic;
		};
		2F5F9CD31F47E14800B40A4C /* PBXContainerItemProxy */ = {
			isa = PBXContainerItemProxy;
			containerPortal = 2F5F9CAB1F47E14700B40A4C /* Project object */;
			proxyType = 1;
			remoteGlobalIDString = 2F5F9CB21F47E14700B40A4C;
			remoteInfo = ChineseZadic;
		};
/* End PBXContainerItemProxy section */

/* Begin PBXFileReference section */
		2F5F9CB31F47E14700B40A4C /* ChineseZadic.app */ = {isa = PBXFileReference; explicitFileType = wrapper.application; includeInIndex = 0; path = ChineseZadic.app; sourceTree = BUILT_PRODUCTS_DIR; };
		2F5F9CB61F47E14700B40A4C /* AppDelegate.swift */ = {isa = PBXFileReference; lastKnownFileType = sourcecode.swift; path = AppDelegate.swift; sourceTree = "<group>"; };
		2F5F9CB81F47E14700B40A4C /* ViewController.swift */ = {isa = PBXFileReference; lastKnownFileType = sourcecode.swift; path = ViewController.swift; sourceTree = "<group>"; };
		2F5F9CBB1F47E14700B40A4C /* Base */ = {isa = PBXFileReference; lastKnownFileType = file.storyboard; name = Base; path = Base.lproj/Main.storyboard; sourceTree = "<group>"; };
		2F5F9CBD1F47E14800B40A4C /* Assets.xcassets */ = {isa = PBXFileReference; lastKnownFileType = folder.assetcatalog; path = Assets.xcassets; sourceTree = "<group>"; };
		2F5F9CC01F47E14800B40A4C /* Base */ = {isa = PBXFileReference; lastKnownFileType = file.storyboard; name = Base; path = Base.lproj/LaunchScreen.storyboard; sourceTree = "<group>"; };
		2F5F9CC21F47E14800B40A4C /* Info.plist */ = {isa = PBXFileReference; lastKnownFileType = text.plist.xml; path = Info.plist; sourceTree = "<group>"; };
		2F5F9CC71F47E14800B40A4C /* ChineseZadicTests.xctest */ = {isa = PBXFileReference; explicitFileType = wrapper.cfbundle; includeInIndex = 0; path = ChineseZadicTests.xctest; sourceTree = BUILT_PRODUCTS_DIR; };
		2F5F9CCB1F47E14800B40A4C /* ChineseZadicTests.swift */ = {isa = PBXFileReference; lastKnownFileType = sourcecode.swift; path = ChineseZadicTests.swift; sourceTree = "<group>"; };
		2F5F9CCD1F47E14800B40A4C /* Info.plist */ = {isa = PBXFileReference; lastKnownFileType = text.plist.xml; path = Info.plist; sourceTree = "<group>"; };
		2F5F9CD21F47E14800B40A4C /* ChineseZadicUITests.xctest */ = {isa = PBXFileReference; explicitFileType = wrapper.cfbundle; includeInIndex = 0; path = ChineseZadicUITests.xctest; sourceTree = BUILT_PRODUCTS_DIR; };
		2F5F9CD61F47E14800B40A4C /* ChineseZadicUITests.swift */ = {isa = PBXFileReference; lastKnownFileType = sourcecode.swift; path = ChineseZadicUITests.swift; sourceTree = "<group>"; };
		2F5F9CD81F47E14800B40A4C /* Info.plist */ = {isa = PBXFileReference; lastKnownFileType = text.plist.xml; path = Info.plist; sourceTree = "<group>"; };
/* End PBXFileReference section */

/* Begin PBXFrameworksBuildPhase section */
		2F5F9CB01F47E14700B40A4C /* Frameworks */ = {
			isa = PBXFrameworksBuildPhase;
			buildActionMask = 2147483647;
			files = (
			);
			runOnlyForDeploymentPostprocessing = 0;
		};
		2F5F9CC41F47E14800B40A4C /* Frameworks */ = {
			isa = PBXFrameworksBuildPhase;
			buildActionMask = 2147483647;
			files = (
			);
			runOnlyForDeploymentPostprocessing = 0;
		};
		2F5F9CCF1F47E14800B40A4C /* Frameworks */ = {
			isa = PBXFrameworksBuildPhase;
			buildActionMask = 2147483647;
			files = (
			);
			runOnlyForDeploymentPostprocessing = 0;
		};
/* End PBXFrameworksBuildPhase section */

/* Begin PBXGroup section */
		2F5F9CAA1F47E14700B40A4C = {
			isa = PBXGroup;
			children = (
				2F5F9CB51F47E14700B40A4C /* ChineseZadic */,
				2F5F9CCA1F47E14800B40A4C /* ChineseZadicTests */,
				2F5F9CD51F47E14800B40A4C /* ChineseZadicUITests */,
				2F5F9CB41F47E14700B40A4C /* Products */,
			);
			sourceTree = "<group>";
		};
		2F5F9CB41F47E14700B40A4C /* Products */ = {
			isa = PBXGroup;
			children = (
				2F5F9CB31F47E14700B40A4C /* ChineseZadic.app */,
				2F5F9CC71F47E14800B40A4C /* ChineseZadicTests.xctest */,
				2F5F9CD21F47E14800B40A4C /* ChineseZadicUITests.xctest */,
			);
			name = Products;
			sourceTree = "<group>";
		};
		2F5F9CB51F47E14700B40A4C /* ChineseZadic */ = {
			isa = PBXGroup;
			children = (
				2F5F9CB61F47E14700B40A4C /* AppDelegate.swift */,
				2F5F9CB81F47E14700B40A4C /* ViewController.swift */,
				2F5F9CBA1F47E14700B40A4C /* Main.storyboard */,
				2F5F9CBD1F47E14800B40A4C /* Assets.xcassets */,
				2F5F9CBF1F47E14800B40A4C /* LaunchScreen.storyboard */,
				2F5F9CC21F47E14800B40A4C /* Info.plist */,
			);
			path = ChineseZadic;
			sourceTree = "<group>";
		};
		2F5F9CCA1F47E14800B40A4C /* ChineseZadicTests */ = {
			isa = PBXGroup;
			children = (
				2F5F9CCB1F47E14800B40A4C /* ChineseZadicTests.swift */,
				2F5F9CCD1F47E14800B40A4C /* Info.plist */,
			);
			path = ChineseZadicTests;
			sourceTree = "<group>";
		};
		2F5F9CD51F47E14800B40A4C /* ChineseZadicUITests */ = {
			isa = PBXGroup;
			children = (
				2F5F9CD61F47E14800B40A4C /* ChineseZadicUITests.swift */,
				2F5F9CD81F47E14800B40A4C /* Info.plist */,
			);
			path = ChineseZadicUITests;
			sourceTree = "<group>";
		};
/* End PBXGroup section */

/* Begin PBXNativeTarget section */
		2F5F9CB21F47E14700B40A4C /* ChineseZadic */ = {
			isa = PBXNativeTarget;
			buildConfigurationList = 2F5F9CDB1F47E14800B40A4C /* Build configuration list for PBXNativeTarget "ChineseZadic" */;
			buildPhases = (
				2F5F9CAF1F47E14700B40A4C /* Sources */,
				2F5F9CB01F47E14700B40A4C /* Frameworks */,
				2F5F9CB11F47E14700B40A4C /* Resources */,
			);
			buildRules = (
			);
			dependencies = (
			);
			name = ChineseZadic;
			productName = ChineseZadic;
			productReference = 2F5F9CB31F47E14700B40A4C /* ChineseZadic.app */;
			productType = "com.apple.product-type.application";
		};
		2F5F9CC61F47E14800B40A4C /* ChineseZadicTests */ = {
			isa = PBXNativeTarget;
			buildConfigurationList = 2F5F9CDE1F47E14800B40A4C /* Build configuration list for PBXNativeTarget "ChineseZadicTests" */;
			buildPhases = (
				2F5F9CC31F47E14800B40A4C /* Sources */,
				2F5F9CC41F47E14800B40A4C /* Frameworks */,
				2F5F9CC51F47E14800B40A4C /* Resources */,
			);
			buildRules = (
			);
			dependencies = (
				2F5F9CC91F47E14800B40A4C /* PBXTargetDependency */,
			);
			name = ChineseZadicTests;
			productName = ChineseZadicTests;
			productReference = 2F5F9CC71F47E14800B40A4C /* ChineseZadicTests.xctest */;
			productType = "com.apple.product-type.bundle.unit-test";
		};
		2F5F9CD11F47E14800B40A4C /* ChineseZadicUITests */ = {
			isa = PBXNativeTarget;
			buildConfigurationList = 2F5F9CE11F47E14800B40A4C /* Build configuration list for PBXNativeTarget "ChineseZadicUITests" */;
			buildPhases = (
				2F5F9CCE1F47E14800B40A4C /* Sources */,
				2F5F9CCF1F47E14800B40A4C /* Frameworks */,
				2F5F9CD01F47E14800B40A4C /* Resources */,
			);
			buildRules = (
			);
			dependencies = (
				2F5F9CD41F47E14800B40A4C /* PBXTargetDependency */,
			);
			name = ChineseZadicUITests;
			productName = ChineseZadicUITests;
			productReference = 2F5F9CD21F47E14800B40A4C /* ChineseZadicUITests.xctest */;
			productType = "com.apple.product-type.bundle.ui-testing";
		};
/* End PBXNativeTarget section */

/* Begin PBXProject section */
		2F5F9CAB1F47E14700B40A4C /* Project object */ = {
			isa = PBXProject;
			attributes = {
				LastSwiftUpdateCheck = 0830;
				LastUpgradeCheck = 0830;
				ORGANIZATIONNAME = maczyt;
				TargetAttributes = {
					2F5F9CB21F47E14700B40A4C = {
						CreatedOnToolsVersion = 8.3.3;
						DevelopmentTeam = L6H2FU7DLC;
						ProvisioningStyle = Automatic;
					};
					2F5F9CC61F47E14800B40A4C = {
						CreatedOnToolsVersion = 8.3.3;
						ProvisioningStyle = Automatic;
						TestTargetID = 2F5F9CB21F47E14700B40A4C;
					};
					2F5F9CD11F47E14800B40A4C = {
						CreatedOnToolsVersion = 8.3.3;
						ProvisioningStyle = Automatic;
						TestTargetID = 2F5F9CB21F47E14700B40A4C;
					};
				};
			};
			buildConfigurationList = 2F5F9CAE1F47E14700B40A4C /* Build configuration list for PBXProject "ChineseZadic" */;
			compatibilityVersion = "Xcode 3.2";
			developmentRegion = English;
			hasScannedForEncodings = 0;
			knownRegions = (
				en,
				Base,
			);
			mainGroup = 2F5F9CAA1F47E14700B40A4C;
			productRefGroup = 2F5F9CB41F47E14700B40A4C /* Products */;
			projectDirPath = "";
			projectRoot = "";
			targets = (
				2F5F9CB21F47E14700B40A4C /* ChineseZadic */,
				2F5F9CC61F47E14800B40A4C /* ChineseZadicTests */,
				2F5F9CD11F47E14800B40A4C /* ChineseZadicUITests */,
			);
		};
/* End PBXProject section */

/* Begin PBXResourcesBuildPhase section */
		2F5F9CB11F47E14700B40A4C /* Resources */ = {
			isa = PBXResourcesBuildPhase;
			buildActionMask = 2147483647;
			files = (
				2F5F9CC11F47E14800B40A4C /* LaunchScreen.storyboard in Resources */,
				2F5F9CBE1F47E14800B40A4C /* Assets.xcassets in Resources */,
				2F5F9CBC1F47E14700B40A4C /* Main.storyboard in Resources */,
			);
			runOnlyForDeploymentPostprocessing = 0;
		};
		2F5F9CC51F47E14800B40A4C /* Resources */ = {
			isa = PBXResourcesBuildPhase;
			buildActionMask = 2147483647;
			files = (
			);
			runOnlyForDeploymentPostprocessing = 0;
		};
		2F5F9CD01F47E14800B40A4C /* Resources */ = {
			isa = PBXResourcesBuildPhase;
			buildActionMask = 2147483647;
			files = (
			);
			runOnlyForDeploymentPostprocessing = 0;
		};
/* End PBXResourcesBuildPhase section */

/* Begin PBXSourcesBuildPhase section */
		2F5F9CAF1F47E14700B40A4C /* Sources */ = {
			isa = PBXSourcesBuildPhase;
			buildActionMask = 2147483647;
			files = (
				2F5F9CE91F48129A00B40A4C /* AppDelegate.swift in Sources */,
				2F5F9CB91F47E14700B40A4C /* ViewController.swift in Sources */,
			);
			runOnlyForDeploymentPostprocessing = 0;
		};
		2F5F9CC31F47E14800B40A4C /* Sources */ = {
			isa = PBXSourcesBuildPhase;
			buildActionMask = 2147483647;
			files = (
				2F5F9CCC1F47E14800B40A4C /* ChineseZadicTests.swift in Sources */,
			);
			runOnlyForDeploymentPostprocessing = 0;
		};
		2F5F9CCE1F47E14800B40A4C /* Sources */ = {
			isa = PBXSourcesBuildPhase;
			buildActionMask = 2147483647;
			files = (
				2F5F9CD71F47E14800B40A4C /* ChineseZadicUITests.swift in Sources */,
			);
			runOnlyForDeploymentPostprocessing = 0;
		};
/* End PBXSourcesBuildPhase section */

/* Begin PBXTargetDependency section */
		2F5F9CC91F47E14800B40A4C /* PBXTargetDependency */ = {
			isa = PBXTargetDependency;
			target = 2F5F9CB21F47E14700B40A4C /* ChineseZadic */;
			targetProxy = 2F5F9CC81F47E14800B40A4C /* PBXContainerItemProxy */;
		};
		2F5F9CD41F47E14800B40A4C /* PBXTargetDependency */ = {
			isa = PBXTargetDependency;
			target = 2F5F9CB21F47E14700B40A4C /* ChineseZadic */;
			targetProxy = 2F5F9CD31F47E14800B40A4C /* PBXContainerItemProxy */;
		};
/* End PBXTargetDependency section */

/* Begin PBXVariantGroup section */
		2F5F9CBA1F47E14700B40A4C /* Main.storyboard */ = {
			isa = PBXVariantGroup;
			children = (
				2F5F9CBB1F47E14700B40A4C /* Base */,
			);
			name = Main.storyboard;
			sourceTree = "<group>";
		};
		2F5F9CBF1F47E14800B40A4C /* LaunchScreen.storyboard */ = {
			isa = PBXVariantGroup;
			children = (
				2F5F9CC01F47E14800B40A4C /* Base */,
			);
			name = LaunchScreen.storyboard;
			sourceTree = "<group>";
		};
/* End PBXVariantGroup section */

/* Begin XCBuildConfiguration section */
		2F5F9CD91F47E14800B40A4C /* Debug */ = {
			isa = XCBuildConfiguration;
			buildSettings = {
				ALWAYS_SEARCH_USER_PATHS = NO;
				CLANG_ANALYZER_NONNULL = YES;
				CLANG_ANALYZER_NUMBER_OBJECT_CONVERSION = YES_AGGRESSIVE;
				CLANG_CXX_LANGUAGE_STANDARD = "gnu++0x";
				CLANG_CXX_LIBRARY = "libc++";
				CLANG_ENABLE_MODULES = YES;
				CLANG_ENABLE_OBJC_ARC = YES;
				CLANG_WARN_BOOL_CONVERSION = YES;
				CLANG_WARN_CONSTANT_CONVERSION = YES;
				CLANG_WARN_DIRECT_OBJC_ISA_USAGE = YES_ERROR;
				CLANG_WARN_DOCUMENTATION_COMMENTS = YES;
				CLANG_WARN_EMPTY_BODY = YES;
				CLANG_WARN_ENUM_CONVERSION = YES;
				CLANG_WARN_INFINITE_RECURSION = YES;
				CLANG_WARN_INT_CONVERSION = YES;
				CLANG_WARN_OBJC_ROOT_CLASS = YES_ERROR;
				CLANG_WARN_SUSPICIOUS_MOVE = YES;
				CLANG_WARN_UNREACHABLE_CODE = YES;
				CLANG_WARN__DUPLICATE_METHOD_MATCH = YES;
				"CODE_SIGN_IDENTITY[sdk=iphoneos*]" = "iPhone Developer";
				COPY_PHASE_STRIP = NO;
				DEBUG_INFORMATION_FORMAT = dwarf;
				ENABLE_STRICT_OBJC_MSGSEND = YES;
				ENABLE_TESTABILITY = YES;
				GCC_C_LANGUAGE_STANDARD = gnu99;
				GCC_DYNAMIC_NO_PIC = NO;
				GCC_NO_COMMON_BLOCKS = YES;
				GCC_OPTIMIZATION_LEVEL = 0;
				GCC_PREPROCESSOR_DEFINITIONS = (
					"DEBUG=1",
					"$(inherited)",
				);
				GCC_WARN_64_TO_32_BIT_CONVERSION = YES;
				GCC_WARN_ABOUT_RETURN_TYPE = YES_ERROR;
				GCC_WARN_UNDECLARED_SELECTOR = YES;
				GCC_WARN_UNINITIALIZED_AUTOS = YES_AGGRESSIVE;
				GCC_WARN_UNUSED_FUNCTION = YES;
				GCC_WARN_UNUSED_VARIABLE = YES;
				IPHONEOS_DEPLOYMENT_TARGET = 10.3;
				MTL_ENABLE_DEBUG_INFO = YES;
				ONLY_ACTIVE_ARCH = YES;
				SDKROOT = iphoneos;
				SWIFT_ACTIVE_COMPILATION_CONDITIONS = DEBUG;
				SWIFT_OPTIMIZATION_LEVEL = "-Onone";
			};
			name = Debug;
		};
		2F5F9CDA1F47E14800B40A4C /* Release */ = {
			isa = XCBuildConfiguration;
			buildSettings = {
				ALWAYS_SEARCH_USER_PATHS = NO;
				CLANG_ANALYZER_NONNULL = YES;
				CLANG_ANALYZER_NUMBER_OBJECT_CONVERSION = YES_AGGRESSIVE;
				CLANG_CXX_LANGUAGE_STANDARD = "gnu++0x";
				CLANG_CXX_LIBRARY = "libc++";
				CLANG_ENABLE_MODULES = YES;
				CLANG_ENABLE_OBJC_ARC = YES;
				CLANG_WARN_BOOL_CONVERSION = YES;
				CLANG_WARN_CONSTANT_CONVERSION = YES;
				CLANG_WARN_DIRECT_OBJC_ISA_USAGE = YES_ERROR;
				CLANG_WARN_DOCUMENTATION_COMMENTS = YES;
				CLANG_WARN_EMPTY_BODY = YES;
				CLANG_WARN_ENUM_CONVERSION = YES;
				CLANG_WARN_INFINITE_RECURSION = YES;
				CLANG_WARN_INT_CONVERSION = YES;
				CLANG_WARN_OBJC_ROOT_CLASS = YES_ERROR;
				CLANG_WARN_SUSPICIOUS_MOVE = YES;
				CLANG_WARN_UNREACHABLE_CODE = YES;
				CLANG_WARN__DUPLICATE_METHOD_MATCH = YES;
				"CODE_SIGN_IDENTITY[sdk=iphoneos*]" = "iPhone Developer";
				COPY_PHASE_STRIP = NO;
				DEBUG_INFORMATION_FORMAT = "dwarf-with-dsym";
				ENABLE_NS_ASSERTIONS = NO;
				ENABLE_STRICT_OBJC_MSGSEND = YES;
				GCC_C_LANGUAGE_STANDARD = gnu99;
				GCC_NO_COMMON_BLOCKS = YES;
				GCC_WARN_64_TO_32_BIT_CONVERSION = YES;
				GCC_WARN_ABOUT_RETURN_TYPE = YES_ERROR;
				GCC_WARN_UNDECLARED_SELECTOR = YES;
				GCC_WARN_UNINITIALIZED_AUTOS = YES_AGGRESSIVE;
				GCC_WARN_UNUSED_FUNCTION = YES;
				GCC_WARN_UNUSED_VARIABLE = YES;
				IPHONEOS_DEPLOYMENT_TARGET = 10.3;
				MTL_ENABLE_DEBUG_INFO = NO;
				SDKROOT = iphoneos;
				SWIFT_OPTIMIZATION_LEVEL = "-Owholemodule";
				VALIDATE_PRODUCT = YES;
			};
			name = Release;
		};
		2F5F9CDC1F47E14800B40A4C /* Debug */ = {
			isa = XCBuildConfiguration;
			buildSettings = {
				ASSETCATALOG_COMPILER_APPICON_NAME = AppIcon;
				DEVELOPMENT_TEAM = L6H2FU7DLC;
				INFOPLIST_FILE = ChineseZadic/Info.plist;
				LD_RUNPATH_SEARCH_PATHS = "$(inherited) @executable_path/Frameworks";
				PRODUCT_BUNDLE_IDENTIFIER = "js-ninja.cn.ChineseZadic";
				PRODUCT_NAME = "$(TARGET_NAME)";
				SWIFT_VERSION = 3.0;
			};
			name = Debug;
		};
		2F5F9CDD1F47E14800B40A4C /* Release */ = {
			isa = XCBuildConfiguration;
			buildSettings = {
				ASSETCATALOG_COMPILER_APPICON_NAME = AppIcon;
				DEVELOPMENT_TEAM = L6H2FU7DLC;
				INFOPLIST_FILE = ChineseZadic/Info.plist;
				LD_RUNPATH_SEARCH_PATHS = "$(inherited) @executable_path/Frameworks";
				PRODUCT_BUNDLE_IDENTIFIER = "js-ninja.cn.ChineseZadic";
				PRODUCT_NAME = "$(TARGET_NAME)";
				SWIFT_VERSION = 3.0;
			};
			name = Release;
		};
		2F5F9CDF1F47E14800B40A4C /* Debug */ = {
			isa = XCBuildConfiguration;
			buildSettings = {
				ALWAYS_EMBED_SWIFT_STANDARD_LIBRARIES = YES;
				BUNDLE_LOADER = "$(TEST_HOST)";
				INFOPLIST_FILE = ChineseZadicTests/Info.plist;
				LD_RUNPATH_SEARCH_PATHS = "$(inherited) @executable_path/Frameworks @loader_path/Frameworks";
				PRODUCT_BUNDLE_IDENTIFIER = "js-ninja.cn.ChineseZadicTests";
				PRODUCT_NAME = "$(TARGET_NAME)";
				SWIFT_VERSION = 3.0;
				TEST_HOST = "$(BUILT_PRODUCTS_DIR)/ChineseZadic.app/ChineseZadic";
			};
			name = Debug;
		};
		2F5F9CE01F47E14800B40A4C /* Release */ = {
			isa = XCBuildConfiguration;
			buildSettings = {
				ALWAYS_EMBED_SWIFT_STANDARD_LIBRARIES = YES;
				BUNDLE_LOADER = "$(TEST_HOST)";
				INFOPLIST_FILE = ChineseZadicTests/Info.plist;
				LD_RUNPATH_SEARCH_PATHS = "$(inherited) @executable_path/Frameworks @loader_path/Frameworks";
				PRODUCT_BUNDLE_IDENTIFIER = "js-ninja.cn.ChineseZadicTests";
				PRODUCT_NAME = "$(TARGET_NAME)";
				SWIFT_VERSION = 3.0;
				TEST_HOST = "$(BUILT_PRODUCTS_DIR)/ChineseZadic.app/ChineseZadic";
			};
			name = Release;
		};
		2F5F9CE21F47E14800B40A4C /* Debug */ = {
			isa = XCBuildConfiguration;
			buildSettings = {
				ALWAYS_EMBED_SWIFT_STANDARD_LIBRARIES = YES;
				INFOPLIST_FILE = ChineseZadicUITests/Info.plist;
				LD_RUNPATH_SEARCH_PATHS = "$(inherited) @executable_path/Frameworks @loader_path/Frameworks";
				PRODUCT_BUNDLE_IDENTIFIER = "js-ninja.cn.ChineseZadicUITests";
				PRODUCT_NAME = "$(TARGET_NAME)";
				SWIFT_VERSION = 3.0;
				TEST_TARGET_NAME = ChineseZadic;
			};
			name = Debug;
		};
		2F5F9CE31F47E14800B40A4C /* Release */ = {
			isa = XCBuildConfiguration;
			buildSettings = {
				ALWAYS_EMBED_SWIFT_STANDARD_LIBRARIES = YES;
				INFOPLIST_FILE = ChineseZadicUITests/Info.plist;
				LD_RUNPATH_SEARCH_PATHS = "$(inherited) @executable_path/Frameworks @loader_path/Frameworks";
				PRODUCT_BUNDLE_IDENTIFIER = "js-ninja.cn.ChineseZadicUITests";
				PRODUCT_NAME = "$(TARGET_NAME)";
				SWIFT_VERSION = 3.0;
				TEST_TARGET_NAME = ChineseZadic;
			};
			name = Release;
		};
/* End XCBuildConfiguration section */

/* Begin XCConfigurationList section */
		2F5F9CAE1F47E14700B40A4C /* Build configuration list for PBXProject "ChineseZadic" */ = {
			isa = XCConfigurationList;
			buildConfigurations = (
				2F5F9CD91F47E14800B40A4C /* Debug */,
				2F5F9CDA1F47E14800B40A4C /* Release */,
			);
			defaultConfigurationIsVisible = 0;
			defaultConfigurationName = Release;
		};
		2F5F9CDB1F47E14800B40A4C /* Build configuration list for PBXNativeTarget "ChineseZadic" */ = {
			isa = XCConfigurationList;
			buildConfigurations = (
				2F5F9CDC1F47E14800B40A4C /* Debug */,
				2F5F9CDD1F47E14800B40A4C /* Release */,
			);
			defaultConfigurationIsVisible = 0;
			defaultConfigurationName = Release;
		};
		2F5F9CDE1F47E14800B40A4C /* Build configuration list for PBXNativeTarget "ChineseZadicTests" */ = {
			isa = XCConfigurationList;
			buildConfigurations = (
				2F5F9CDF1F47E14800B40A4C /* Debug */,
				2F5F9CE01F47E14800B40A4C /* Release */,
			);
			defaultConfigurationIsVisible = 0;
			defaultConfigurationName = Release;
		};
		2F5F9CE11F47E14800B40A4C /* Build configuration list for PBXNativeTarget "ChineseZadicUITests" */ = {
			isa = XCConfigurationList;
			buildConfigurations = (
				2F5F9CE21F47E14800B40A4C /* Debug */,
				2F5F9CE31F47E14800B40A4C /* Release */,
			);
			defaultConfigurationIsVisible = 0;
			defaultConfigurationName = Release;
		};
/* End XCConfigurationList section */
	};
	rootObject = 2F5F9CAB1F47E14700B40A4C /* Project object */;
}
